// !$*UTF8*$!
{
	archiveVersion = 1;
	classes = {
	};
	objectVersion = 55;
	objects = {

/* Begin PBXBuildFile section */
		DE7F9EBA27BB653600DCE662 /* AppDelegate.swift in Sources */ = {isa = PBXBuildFile; fileRef = DE7F9EB927BB653600DCE662 /* AppDelegate.swift */; };
		DE7F9EBC27BB653600DCE662 /* SceneDelegate.swift in Sources */ = {isa = PBXBuildFile; fileRef = DE7F9EBB27BB653600DCE662 /* SceneDelegate.swift */; };
		DE7F9EC327BB653700DCE662 /* Assets.xcassets in Resources */ = {isa = PBXBuildFile; fileRef = DE7F9EC227BB653700DCE662 /* Assets.xcassets */; };
		DE7F9EC627BB653700DCE662 /* LaunchScreen.storyboard in Resources */ = {isa = PBXBuildFile; fileRef = DE7F9EC427BB653700DCE662 /* LaunchScreen.storyboard */; };
		DE7F9ECF27BB656400DCE662 /* RxCocoa in Frameworks */ = {isa = PBXBuildFile; productRef = DE7F9ECE27BB656400DCE662 /* RxCocoa */; };
		DE7F9ED127BB656400DCE662 /* RxRelay in Frameworks */ = {isa = PBXBuildFile; productRef = DE7F9ED027BB656400DCE662 /* RxRelay */; };
		DE7F9ED327BB656400DCE662 /* RxSwift in Frameworks */ = {isa = PBXBuildFile; productRef = DE7F9ED227BB656400DCE662 /* RxSwift */; };
		DE7F9ED627BB658900DCE662 /* Kingfisher in Frameworks */ = {isa = PBXBuildFile; productRef = DE7F9ED527BB658900DCE662 /* Kingfisher */; };
		DE7F9ED927BB659600DCE662 /* SnapKit in Frameworks */ = {isa = PBXBuildFile; productRef = DE7F9ED827BB659600DCE662 /* SnapKit */; };
		DE7F9EDB27BB65E200DCE662 /* MainViewController.swift in Sources */ = {isa = PBXBuildFile; fileRef = DE7F9EDA27BB65E200DCE662 /* MainViewController.swift */; };
		DE7F9EDD27BB670A00DCE662 /* SearchBar.swift in Sources */ = {isa = PBXBuildFile; fileRef = DE7F9EDC27BB670A00DCE662 /* SearchBar.swift */; };
		DE7F9EDF27BB6A4D00DCE662 /* FilterView.swift in Sources */ = {isa = PBXBuildFile; fileRef = DE7F9EDE27BB6A4D00DCE662 /* FilterView.swift */; };
		DE7F9EE127BB6BBC00DCE662 /* BlogList.swift in Sources */ = {isa = PBXBuildFile; fileRef = DE7F9EE027BB6BBC00DCE662 /* BlogList.swift */; };
		DE7F9EE327BB6BCA00DCE662 /* BlogListCell.swift in Sources */ = {isa = PBXBuildFile; fileRef = DE7F9EE227BB6BCA00DCE662 /* BlogListCell.swift */; };
		DE7F9EE527BB6BD600DCE662 /* BlogListCellData.swift in Sources */ = {isa = PBXBuildFile; fileRef = DE7F9EE427BB6BD600DCE662 /* BlogListCellData.swift */; };
		DE7F9EEE27BB718F00DCE662 /* AlertActionConvertible.swift in Sources */ = {isa = PBXBuildFile; fileRef = DE7F9EED27BB718F00DCE662 /* AlertActionConvertible.swift */; };
		DE7F9EF027BB7A5900DCE662 /* DKBlog.swift in Sources */ = {isa = PBXBuildFile; fileRef = DE7F9EEF27BB7A5900DCE662 /* DKBlog.swift */; };
		DE7F9EF227BB7CB700DCE662 /* SearchBlogAPI.swift in Sources */ = {isa = PBXBuildFile; fileRef = DE7F9EF127BB7CB700DCE662 /* SearchBlogAPI.swift */; };
		DE7F9EF527BB7D5700DCE662 /* SearchBlogNetwork.swift in Sources */ = {isa = PBXBuildFile; fileRef = DE7F9EF427BB7D5700DCE662 /* SearchBlogNetwork.swift */; };
/* End PBXBuildFile section */

/* Begin PBXFileReference section */
		DE7F9EB627BB653600DCE662 /* SearchDaumBlog.app */ = {isa = PBXFileReference; explicitFileType = wrapper.application; includeInIndex = 0; path = SearchDaumBlog.app; sourceTree = BUILT_PRODUCTS_DIR; };
		DE7F9EB927BB653600DCE662 /* AppDelegate.swift */ = {isa = PBXFileReference; lastKnownFileType = sourcecode.swift; path = AppDelegate.swift; sourceTree = "<group>"; };
		DE7F9EBB27BB653600DCE662 /* SceneDelegate.swift */ = {isa = PBXFileReference; lastKnownFileType = sourcecode.swift; path = SceneDelegate.swift; sourceTree = "<group>"; };
		DE7F9EC227BB653700DCE662 /* Assets.xcassets */ = {isa = PBXFileReference; lastKnownFileType = folder.assetcatalog; path = Assets.xcassets; sourceTree = "<group>"; };
		DE7F9EC527BB653700DCE662 /* Base */ = {isa = PBXFileReference; lastKnownFileType = file.storyboard; name = Base; path = Base.lproj/LaunchScreen.storyboard; sourceTree = "<group>"; };
		DE7F9EC727BB653700DCE662 /* Info.plist */ = {isa = PBXFileReference; lastKnownFileType = text.plist.xml; path = Info.plist; sourceTree = "<group>"; };
		DE7F9EDA27BB65E200DCE662 /* MainViewController.swift */ = {isa = PBXFileReference; lastKnownFileType = sourcecode.swift; path = MainViewController.swift; sourceTree = "<group>"; };
		DE7F9EDC27BB670A00DCE662 /* SearchBar.swift */ = {isa = PBXFileReference; lastKnownFileType = sourcecode.swift; path = SearchBar.swift; sourceTree = "<group>"; };
		DE7F9EDE27BB6A4D00DCE662 /* FilterView.swift */ = {isa = PBXFileReference; lastKnownFileType = sourcecode.swift; path = FilterView.swift; sourceTree = "<group>"; };
		DE7F9EE027BB6BBC00DCE662 /* BlogList.swift */ = {isa = PBXFileReference; lastKnownFileType = sourcecode.swift; path = BlogList.swift; sourceTree = "<group>"; };
		DE7F9EE227BB6BCA00DCE662 /* BlogListCell.swift */ = {isa = PBXFileReference; lastKnownFileType = sourcecode.swift; path = BlogListCell.swift; sourceTree = "<group>"; };
		DE7F9EE427BB6BD600DCE662 /* BlogListCellData.swift */ = {isa = PBXFileReference; lastKnownFileType = sourcecode.swift; path = BlogListCellData.swift; sourceTree = "<group>"; };
		DE7F9EED27BB718F00DCE662 /* AlertActionConvertible.swift */ = {isa = PBXFileReference; lastKnownFileType = sourcecode.swift; path = AlertActionConvertible.swift; sourceTree = "<group>"; };
		DE7F9EEF27BB7A5900DCE662 /* DKBlog.swift */ = {isa = PBXFileReference; lastKnownFileType = sourcecode.swift; path = DKBlog.swift; sourceTree = "<group>"; };
		DE7F9EF127BB7CB700DCE662 /* SearchBlogAPI.swift */ = {isa = PBXFileReference; lastKnownFileType = sourcecode.swift; path = SearchBlogAPI.swift; sourceTree = "<group>"; };
		DE7F9EF427BB7D5700DCE662 /* SearchBlogNetwork.swift */ = {isa = PBXFileReference; lastKnownFileType = sourcecode.swift; path = SearchBlogNetwork.swift; sourceTree = "<group>"; };
/* End PBXFileReference section */

/* Begin PBXFrameworksBuildPhase section */
		DE7F9EB327BB653600DCE662 /* Frameworks */ = {
			isa = PBXFrameworksBuildPhase;
			buildActionMask = 2147483647;
			files = (
				DE7F9ED627BB658900DCE662 /* Kingfisher in Frameworks */,
				DE7F9ED327BB656400DCE662 /* RxSwift in Frameworks */,
				DE7F9ED127BB656400DCE662 /* RxRelay in Frameworks */,
				DE7F9ECF27BB656400DCE662 /* RxCocoa in Frameworks */,
				DE7F9ED927BB659600DCE662 /* SnapKit in Frameworks */,
			);
			runOnlyForDeploymentPostprocessing = 0;
		};
/* End PBXFrameworksBuildPhase section */

/* Begin PBXGroup section */
		DE7F9EAD27BB653600DCE662 = {
			isa = PBXGroup;
			children = (
				DE7F9EB827BB653600DCE662 /* SearchDaumBlog */,
				DE7F9EB727BB653600DCE662 /* Products */,
			);
			sourceTree = "<group>";
		};
		DE7F9EB727BB653600DCE662 /* Products */ = {
			isa = PBXGroup;
			children = (
				DE7F9EB627BB653600DCE662 /* SearchDaumBlog.app */,
			);
			name = Products;
			sourceTree = "<group>";
		};
		DE7F9EB827BB653600DCE662 /* SearchDaumBlog */ = {
			isa = PBXGroup;
			children = (
				DE7F9EB927BB653600DCE662 /* AppDelegate.swift */,
				DE7F9EBB27BB653600DCE662 /* SceneDelegate.swift */,
				DE7F9EE727BB6BF800DCE662 /* Entites */,
				DE7F9EF327BB7CBC00DCE662 /* Network */,
				DE7F9EE627BB6BE600DCE662 /* Presentation */,
				DE7F9EC227BB653700DCE662 /* Assets.xcassets */,
				DE7F9EC427BB653700DCE662 /* LaunchScreen.storyboard */,
				DE7F9EC727BB653700DCE662 /* Info.plist */,
			);
			path = SearchDaumBlog;
			sourceTree = "<group>";
		};
		DE7F9EE627BB6BE600DCE662 /* Presentation */ = {
			isa = PBXGroup;
			children = (
				DE7F9EE927BB709400DCE662 /* MainViewController */,
			);
			path = Presentation;
			sourceTree = "<group>";
		};
		DE7F9EE727BB6BF800DCE662 /* Entites */ = {
			isa = PBXGroup;
			children = (
				DE7F9EE427BB6BD600DCE662 /* BlogListCellData.swift */,
				DE7F9EED27BB718F00DCE662 /* AlertActionConvertible.swift */,
				DE7F9EEF27BB7A5900DCE662 /* DKBlog.swift */,
			);
			path = Entites;
			sourceTree = "<group>";
		};
		DE7F9EE827BB708700DCE662 /* SubComponent */ = {
			isa = PBXGroup;
			children = (
				DE7F9EEB27BB70B900DCE662 /* BlogListView */,
				DE7F9EEA27BB70B200DCE662 /* SearchBar */,
			);
			path = SubComponent;
			sourceTree = "<group>";
		};
		DE7F9EE927BB709400DCE662 /* MainViewController */ = {
			isa = PBXGroup;
			children = (
				DE7F9EDA27BB65E200DCE662 /* MainViewController.swift */,
				DE7F9EE827BB708700DCE662 /* SubComponent */,
			);
			path = MainViewController;
			sourceTree = "<group>";
		};
		DE7F9EEA27BB70B200DCE662 /* SearchBar */ = {
			isa = PBXGroup;
			children = (
				DE7F9EDC27BB670A00DCE662 /* SearchBar.swift */,
			);
			path = SearchBar;
			sourceTree = "<group>";
		};
		DE7F9EEB27BB70B900DCE662 /* BlogListView */ = {
			isa = PBXGroup;
			children = (
				DE7F9EE027BB6BBC00DCE662 /* BlogList.swift */,
				DE7F9EEC27BB70C900DCE662 /* SubComponent */,
			);
			path = BlogListView;
			sourceTree = "<group>";
		};
		DE7F9EEC27BB70C900DCE662 /* SubComponent */ = {
			isa = PBXGroup;
			children = (
				DE7F9EDE27BB6A4D00DCE662 /* FilterView.swift */,
				DE7F9EE227BB6BCA00DCE662 /* BlogListCell.swift */,
			);
			path = SubComponent;
			sourceTree = "<group>";
		};
		DE7F9EF327BB7CBC00DCE662 /* Network */ = {
			isa = PBXGroup;
			children = (
				DE7F9EF127BB7CB700DCE662 /* SearchBlogAPI.swift */,
				DE7F9EF427BB7D5700DCE662 /* SearchBlogNetwork.swift */,
			);
			path = Network;
			sourceTree = "<group>";
		};
/* End PBXGroup section */

/* Begin PBXNativeTarget section */
		DE7F9EB527BB653600DCE662 /* SearchDaumBlog */ = {
			isa = PBXNativeTarget;
			buildConfigurationList = DE7F9ECA27BB653700DCE662 /* Build configuration list for PBXNativeTarget "SearchDaumBlog" */;
			buildPhases = (
				DE7F9EB227BB653600DCE662 /* Sources */,
				DE7F9EB327BB653600DCE662 /* Frameworks */,
				DE7F9EB427BB653600DCE662 /* Resources */,
			);
			buildRules = (
			);
			dependencies = (
			);
			name = SearchDaumBlog;
			packageProductDependencies = (
				DE7F9ECE27BB656400DCE662 /* RxCocoa */,
				DE7F9ED027BB656400DCE662 /* RxRelay */,
				DE7F9ED227BB656400DCE662 /* RxSwift */,
				DE7F9ED527BB658900DCE662 /* Kingfisher */,
				DE7F9ED827BB659600DCE662 /* SnapKit */,
			);
			productName = SearchDaumBlog;
			productReference = DE7F9EB627BB653600DCE662 /* SearchDaumBlog.app */;
			productType = "com.apple.product-type.application";
		};
/* End PBXNativeTarget section */

/* Begin PBXProject section */
		DE7F9EAE27BB653600DCE662 /* Project object */ = {
			isa = PBXProject;
			attributes = {
				BuildIndependentTargetsInParallel = 1;
				LastSwiftUpdateCheck = 1320;
				LastUpgradeCheck = 1320;
				TargetAttributes = {
					DE7F9EB527BB653600DCE662 = {
						CreatedOnToolsVersion = 13.2.1;
					};
				};
			};
			buildConfigurationList = DE7F9EB127BB653600DCE662 /* Build configuration list for PBXProject "SearchDaumBlog" */;
			compatibilityVersion = "Xcode 13.0";
			developmentRegion = en;
			hasScannedForEncodings = 0;
			knownRegions = (
				en,
				Base,
			);
			mainGroup = DE7F9EAD27BB653600DCE662;
			packageReferences = (
				DE7F9ECD27BB656400DCE662 /* XCRemoteSwiftPackageReference "RxSwift" */,
				DE7F9ED427BB658900DCE662 /* XCRemoteSwiftPackageReference "Kingfisher" */,
				DE7F9ED727BB659600DCE662 /* XCRemoteSwiftPackageReference "SnapKit" */,
			);
			productRefGroup = DE7F9EB727BB653600DCE662 /* Products */;
			projectDirPath = "";
			projectRoot = "";
			targets = (
				DE7F9EB527BB653600DCE662 /* SearchDaumBlog */,
			);
		};
/* End PBXProject section */

/* Begin PBXResourcesBuildPhase section */
		DE7F9EB427BB653600DCE662 /* Resources */ = {
			isa = PBXResourcesBuildPhase;
			buildActionMask = 2147483647;
			files = (
				DE7F9EC627BB653700DCE662 /* LaunchScreen.storyboard in Resources */,
				DE7F9EC327BB653700DCE662 /* Assets.xcassets in Resources */,
			);
			runOnlyForDeploymentPostprocessing = 0;
		};
/* End PBXResourcesBuildPhase section */

/* Begin PBXSourcesBuildPhase section */
		DE7F9EB227BB653600DCE662 /* Sources */ = {
			isa = PBXSourcesBuildPhase;
			buildActionMask = 2147483647;
			files = (
				DE7F9EDB27BB65E200DCE662 /* MainViewController.swift in Sources */,
				DE7F9EE327BB6BCA00DCE662 /* BlogListCell.swift in Sources */,
				DE7F9EF027BB7A5900DCE662 /* DKBlog.swift in Sources */,
				DE7F9EE127BB6BBC00DCE662 /* BlogList.swift in Sources */,
				DE7F9EF227BB7CB700DCE662 /* SearchBlogAPI.swift in Sources */,
				DE7F9EE527BB6BD600DCE662 /* BlogListCellData.swift in Sources */,
				DE7F9EF527BB7D5700DCE662 /* SearchBlogNetwork.swift in Sources */,
				DE7F9EDD27BB670A00DCE662 /* SearchBar.swift in Sources */,
				DE7F9EBA27BB653600DCE662 /* AppDelegate.swift in Sources */,
				DE7F9EDF27BB6A4D00DCE662 /* FilterView.swift in Sources */,
				DE7F9EBC27BB653600DCE662 /* SceneDelegate.swift in Sources */,
				DE7F9EEE27BB718F00DCE662 /* AlertActionConvertible.swift in Sources */,
			);
			runOnlyForDeploymentPostprocessing = 0;
		};
/* End PBXSourcesBuildPhase section */

/* Begin PBXVariantGroup section */
		DE7F9EC427BB653700DCE662 /* LaunchScreen.storyboard */ = {
			isa = PBXVariantGroup;
			children = (
				DE7F9EC527BB653700DCE662 /* Base */,
			);
			name = LaunchScreen.storyboard;
			sourceTree = "<group>";
		};
/* End PBXVariantGroup section */

/* Begin XCBuildConfiguration section */
		DE7F9EC827BB653700DCE662 /* Debug */ = {
			isa = XCBuildConfiguration;
			buildSettings = {
				ALWAYS_SEARCH_USER_PATHS = NO;
				CLANG_ANALYZER_NONNULL = YES;
				CLANG_ANALYZER_NUMBER_OBJECT_CONVERSION = YES_AGGRESSIVE;
				CLANG_CXX_LANGUAGE_STANDARD = "gnu++17";
				CLANG_CXX_LIBRARY = "libc++";
				CLANG_ENABLE_MODULES = YES;
				CLANG_ENABLE_OBJC_ARC = YES;
				CLANG_ENABLE_OBJC_WEAK = YES;
				CLANG_WARN_BLOCK_CAPTURE_AUTORELEASING = YES;
				CLANG_WARN_BOOL_CONVERSION = YES;
				CLANG_WARN_COMMA = YES;
				CLANG_WARN_CONSTANT_CONVERSION = YES;
				CLANG_WARN_DEPRECATED_OBJC_IMPLEMENTATIONS = YES;
				CLANG_WARN_DIRECT_OBJC_ISA_USAGE = YES_ERROR;
				CLANG_WARN_DOCUMENTATION_COMMENTS = YES;
				CLANG_WARN_EMPTY_BODY = YES;
				CLANG_WARN_ENUM_CONVERSION = YES;
				CLANG_WARN_INFINITE_RECURSION = YES;
				CLANG_WARN_INT_CONVERSION = YES;
				CLANG_WARN_NON_LITERAL_NULL_CONVERSION = YES;
				CLANG_WARN_OBJC_IMPLICIT_RETAIN_SELF = YES;
				CLANG_WARN_OBJC_LITERAL_CONVERSION = YES;
				CLANG_WARN_OBJC_ROOT_CLASS = YES_ERROR;
				CLANG_WARN_QUOTED_INCLUDE_IN_FRAMEWORK_HEADER = YES;
				CLANG_WARN_RANGE_LOOP_ANALYSIS = YES;
				CLANG_WARN_STRICT_PROTOTYPES = YES;
				CLANG_WARN_SUSPICIOUS_MOVE = YES;
				CLANG_WARN_UNGUARDED_AVAILABILITY = YES_AGGRESSIVE;
				CLANG_WARN_UNREACHABLE_CODE = YES;
				CLANG_WARN__DUPLICATE_METHOD_MATCH = YES;
				COPY_PHASE_STRIP = NO;
				DEBUG_INFORMATION_FORMAT = dwarf;
				ENABLE_STRICT_OBJC_MSGSEND = YES;
				ENABLE_TESTABILITY = YES;
				GCC_C_LANGUAGE_STANDARD = gnu11;
				GCC_DYNAMIC_NO_PIC = NO;
				GCC_NO_COMMON_BLOCKS = YES;
				GCC_OPTIMIZATION_LEVEL = 0;
				GCC_PREPROCESSOR_DEFINITIONS = (
					"DEBUG=1",
					"$(inherited)",
				);
				GCC_WARN_64_TO_32_BIT_CONVERSION = YES;
				GCC_WARN_ABOUT_RETURN_TYPE = YES_ERROR;
				GCC_WARN_UNDECLARED_SELECTOR = YES;
				GCC_WARN_UNINITIALIZED_AUTOS = YES_AGGRESSIVE;
				GCC_WARN_UNUSED_FUNCTION = YES;
				GCC_WARN_UNUSED_VARIABLE = YES;
				IPHONEOS_DEPLOYMENT_TARGET = 15.2;
				MTL_ENABLE_DEBUG_INFO = INCLUDE_SOURCE;
				MTL_FAST_MATH = YES;
				ONLY_ACTIVE_ARCH = YES;
				SDKROOT = iphoneos;
				SWIFT_ACTIVE_COMPILATION_CONDITIONS = DEBUG;
				SWIFT_OPTIMIZATION_LEVEL = "-Onone";
			};
			name = Debug;
		};
		DE7F9EC927BB653700DCE662 /* Release */ = {
			isa = XCBuildConfiguration;
			buildSettings = {
				ALWAYS_SEARCH_USER_PATHS = NO;
				CLANG_ANALYZER_NONNULL = YES;
				CLANG_ANALYZER_NUMBER_OBJECT_CONVERSION = YES_AGGRESSIVE;
				CLANG_CXX_LANGUAGE_STANDARD = "gnu++17";
				CLANG_CXX_LIBRARY = "libc++";
				CLANG_ENABLE_MODULES = YES;
				CLANG_ENABLE_OBJC_ARC = YES;
				CLANG_ENABLE_OBJC_WEAK = YES;
				CLANG_WARN_BLOCK_CAPTURE_AUTORELEASING = YES;
				CLANG_WARN_BOOL_CONVERSION = YES;
				CLANG_WARN_COMMA = YES;
				CLANG_WARN_CONSTANT_CONVERSION = YES;
				CLANG_WARN_DEPRECATED_OBJC_IMPLEMENTATIONS = YES;
				CLANG_WARN_DIRECT_OBJC_ISA_USAGE = YES_ERROR;
				CLANG_WARN_DOCUMENTATION_COMMENTS = YES;
				CLANG_WARN_EMPTY_BODY = YES;
				CLANG_WARN_ENUM_CONVERSION = YES;
				CLANG_WARN_INFINITE_RECURSION = YES;
				CLANG_WARN_INT_CONVERSION = YES;
				CLANG_WARN_NON_LITERAL_NULL_CONVERSION = YES;
				CLANG_WARN_OBJC_IMPLICIT_RETAIN_SELF = YES;
				CLANG_WARN_OBJC_LITERAL_CONVERSION = YES;
				CLANG_WARN_OBJC_ROOT_CLASS = YES_ERROR;
				CLANG_WARN_QUOTED_INCLUDE_IN_FRAMEWORK_HEADER = YES;
				CLANG_WARN_RANGE_LOOP_ANALYSIS = YES;
				CLANG_WARN_STRICT_PROTOTYPES = YES;
				CLANG_WARN_SUSPICIOUS_MOVE = YES;
				CLANG_WARN_UNGUARDED_AVAILABILITY = YES_AGGRESSIVE;
				CLANG_WARN_UNREACHABLE_CODE = YES;
				CLANG_WARN__DUPLICATE_METHOD_MATCH = YES;
				COPY_PHASE_STRIP = NO;
				DEBUG_INFORMATION_FORMAT = "dwarf-with-dsym";
				ENABLE_NS_ASSERTIONS = NO;
				ENABLE_STRICT_OBJC_MSGSEND = YES;
				GCC_C_LANGUAGE_STANDARD = gnu11;
				GCC_NO_COMMON_BLOCKS = YES;
				GCC_WARN_64_TO_32_BIT_CONVERSION = YES;
				GCC_WARN_ABOUT_RETURN_TYPE = YES_ERROR;
				GCC_WARN_UNDECLARED_SELECTOR = YES;
				GCC_WARN_UNINITIALIZED_AUTOS = YES_AGGRESSIVE;
				GCC_WARN_UNUSED_FUNCTION = YES;
				GCC_WARN_UNUSED_VARIABLE = YES;
				IPHONEOS_DEPLOYMENT_TARGET = 15.2;
				MTL_ENABLE_DEBUG_INFO = NO;
				MTL_FAST_MATH = YES;
				SDKROOT = iphoneos;
				SWIFT_COMPILATION_MODE = wholemodule;
				SWIFT_OPTIMIZATION_LEVEL = "-O";
				VALIDATE_PRODUCT = YES;
			};
			name = Release;
		};
		DE7F9ECB27BB653700DCE662 /* Debug */ = {
			isa = XCBuildConfiguration;
			buildSettings = {
				ASSETCATALOG_COMPILER_APPICON_NAME = AppIcon;
				ASSETCATALOG_COMPILER_GLOBAL_ACCENT_COLOR_NAME = AccentColor;
				CODE_SIGN_STYLE = Automatic;
				CURRENT_PROJECT_VERSION = 1;
				DEVELOPMENT_TEAM = J74H985T9L;
				GENERATE_INFOPLIST_FILE = YES;
				INFOPLIST_FILE = SearchDaumBlog/Info.plist;
				INFOPLIST_KEY_UIApplicationSupportsIndirectInputEvents = YES;
				INFOPLIST_KEY_UILaunchStoryboardName = LaunchScreen;
				INFOPLIST_KEY_UISupportedInterfaceOrientations_iPad = "UIInterfaceOrientationPortrait UIInterfaceOrientationPortraitUpsideDown UIInterfaceOrientationLandscapeLeft UIInterfaceOrientationLandscapeRight";
				INFOPLIST_KEY_UISupportedInterfaceOrientations_iPhone = "UIInterfaceOrientationPortrait UIInterfaceOrientationLandscapeLeft UIInterfaceOrientationLandscapeRight";
				LD_RUNPATH_SEARCH_PATHS = (
					"$(inherited)",
					"@executable_path/Frameworks",
				);
				MARKETING_VERSION = 1.0;
				PRODUCT_BUNDLE_IDENTIFIER = com.terry.SearchDaumBlog;
				PRODUCT_NAME = "$(TARGET_NAME)";
				SWIFT_EMIT_LOC_STRINGS = YES;
				SWIFT_VERSION = 5.0;
				TARGETED_DEVICE_FAMILY = "1,2";
			};
			name = Debug;
		};
		DE7F9ECC27BB653700DCE662 /* Release */ = {
			isa = XCBuildConfiguration;
			buildSettings = {
				ASSETCATALOG_COMPILER_APPICON_NAME = AppIcon;
				ASSETCATALOG_COMPILER_GLOBAL_ACCENT_COLOR_NAME = AccentColor;
				CODE_SIGN_STYLE = Automatic;
				CURRENT_PROJECT_VERSION = 1;
				DEVELOPMENT_TEAM = J74H985T9L;
				GENERATE_INFOPLIST_FILE = YES;
				INFOPLIST_FILE = SearchDaumBlog/Info.plist;
				INFOPLIST_KEY_UIApplicationSupportsIndirectInputEvents = YES;
				INFOPLIST_KEY_UILaunchStoryboardName = LaunchScreen;
				INFOPLIST_KEY_UISupportedInterfaceOrientations_iPad = "UIInterfaceOrientationPortrait UIInterfaceOrientationPortraitUpsideDown UIInterfaceOrientationLandscapeLeft UIInterfaceOrientationLandscapeRight";
				INFOPLIST_KEY_UISupportedInterfaceOrientations_iPhone = "UIInterfaceOrientationPortrait UIInterfaceOrientationLandscapeLeft UIInterfaceOrientationLandscapeRight";
				LD_RUNPATH_SEARCH_PATHS = (
					"$(inherited)",
					"@executable_path/Frameworks",
				);
				MARKETING_VERSION = 1.0;
				PRODUCT_BUNDLE_IDENTIFIER = com.terry.SearchDaumBlog;
				PRODUCT_NAME = "$(TARGET_NAME)";
				SWIFT_EMIT_LOC_STRINGS = YES;
				SWIFT_VERSION = 5.0;
				TARGETED_DEVICE_FAMILY = "1,2";
			};
			name = Release;
		};
/* End XCBuildConfiguration section */

/* Begin XCConfigurationList section */
		DE7F9EB127BB653600DCE662 /* Build configuration list for PBXProject "SearchDaumBlog" */ = {
			isa = XCConfigurationList;
			buildConfigurations = (
				DE7F9EC827BB653700DCE662 /* Debug */,
				DE7F9EC927BB653700DCE662 /* Release */,
			);
			defaultConfigurationIsVisible = 0;
			defaultConfigurationName = Release;
		};
		DE7F9ECA27BB653700DCE662 /* Build configuration list for PBXNativeTarget "SearchDaumBlog" */ = {
			isa = XCConfigurationList;
			buildConfigurations = (
				DE7F9ECB27BB653700DCE662 /* Debug */,
				DE7F9ECC27BB653700DCE662 /* Release */,
			);
			defaultConfigurationIsVisible = 0;
			defaultConfigurationName = Release;
		};
/* End XCConfigurationList section */

/* Begin XCRemoteSwiftPackageReference section */
		DE7F9ECD27BB656400DCE662 /* XCRemoteSwiftPackageReference "RxSwift" */ = {
			isa = XCRemoteSwiftPackageReference;
			repositoryURL = "https://github.com/ReactiveX/RxSwift";
			requirement = {
				kind = upToNextMajorVersion;
				minimumVersion = 6.0.0;
			};
		};
		DE7F9ED427BB658900DCE662 /* XCRemoteSwiftPackageReference "Kingfisher" */ = {
			isa = XCRemoteSwiftPackageReference;
			repositoryURL = "https://github.com/onevcat/Kingfisher";
			requirement = {
				kind = upToNextMajorVersion;
				minimumVersion = 7.0.0;
			};
		};
		DE7F9ED727BB659600DCE662 /* XCRemoteSwiftPackageReference "SnapKit" */ = {
			isa = XCRemoteSwiftPackageReference;
			repositoryURL = "https://github.com/SnapKit/SnapKit";
			requirement = {
				kind = upToNextMajorVersion;
				minimumVersion = 5.0.0;
			};
		};
/* End XCRemoteSwiftPackageReference section */

/* Begin XCSwiftPackageProductDependency section */
		DE7F9ECE27BB656400DCE662 /* RxCocoa */ = {
			isa = XCSwiftPackageProductDependency;
			package = DE7F9ECD27BB656400DCE662 /* XCRemoteSwiftPackageReference "RxSwift" */;
			productName = RxCocoa;
		};
		DE7F9ED027BB656400DCE662 /* RxRelay */ = {
			isa = XCSwiftPackageProductDependency;
			package = DE7F9ECD27BB656400DCE662 /* XCRemoteSwiftPackageReference "RxSwift" */;
			productName = RxRelay;
		};
		DE7F9ED227BB656400DCE662 /* RxSwift */ = {
			isa = XCSwiftPackageProductDependency;
			package = DE7F9ECD27BB656400DCE662 /* XCRemoteSwiftPackageReference "RxSwift" */;
			productName = RxSwift;
		};
		DE7F9ED527BB658900DCE662 /* Kingfisher */ = {
			isa = XCSwiftPackageProductDependency;
			package = DE7F9ED427BB658900DCE662 /* XCRemoteSwiftPackageReference "Kingfisher" */;
			productName = Kingfisher;
		};
		DE7F9ED827BB659600DCE662 /* SnapKit */ = {
			isa = XCSwiftPackageProductDependency;
			package = DE7F9ED727BB659600DCE662 /* XCRemoteSwiftPackageReference "SnapKit" */;
			productName = SnapKit;
		};
/* End XCSwiftPackageProductDependency section */
	};
	rootObject = DE7F9EAE27BB653600DCE662 /* Project object */;
}
